# This file is autogenerated, do not edit; changes may be undone by the next 'dep ensure'.


[[projects]]
  digest = "1:77e3721e5e9e71223aed2a539f41a8098d7070f554faf16b63c933a429df1db3"
  name = "github.com/Sirupsen/logrus"
  packages = ["."]
  pruneopts = ""
  revision = "a3f95b5c423586578a4e099b11a46c2479628cac"
  version = "1.0.2"

[[projects]]
  digest = "1:72688e2ecfbb1a5ea1775574945b4e76eb8f3c04f059d36fa8945459129908f3"
  name = "github.com/go-redis/redis"
  packages = [
    ".",
    "internal",
    "internal/consistenthash",
    "internal/hashtag",
    "internal/pool",
    "internal/proto",
  ]
  pruneopts = ""
  revision = "da63fe7def48e378caf9539abf64b9b1e37bc01e"
  version = "v6.5.3"

[[projects]]
  branch = "master"
  digest = "1:dbbeb8ddb0be949954c8157ee8439c2adfd8dc1c9510eb44a6e58cb68c3dce28"
  name = "github.com/gorilla/context"
  packages = ["."]
  pruneopts = ""
  revision = "08b5f424b9271eedf6f9f0ce86cb9396ed337a42"

[[projects]]
  digest = "1:783fde5796ef54ba05de240f2529b6c9fbabc541e70ea43585c53b3f1bbabb5b"
  name = "github.com/gorilla/mux"
  packages = ["."]
  pruneopts = ""
  revision = "bcd8bc72b08df0f70df986b97f95590779502d31"
  version = "v1.4.0"

[[projects]]
  digest = "1:b10c62bf98a1dffb09c7ff88974ce97b7be71abcff0d80073c2ec5ffeb8e5ee2"
  name = "github.com/lib/pq"
  packages = [
    ".",
    "oid",
  ]
  pruneopts = ""
  revision = "dd1fe2071026ce53f36a39112e645b4d4f5793a4"

[[projects]]
  digest = "1:b78daec10cf61db3be8d7121bdaf68f8b181aba5ac1c958f239fbbb5c75daa4f"
  name = "golang.org/x/sys"
  packages = ["unix"]
  pruneopts = ""
  revision = "abf9c25f54453410d0c6668e519582a9e1115027"

[solve-meta]
  analyzer-name = "dep"
  analyzer-version = 1
  input-imports = [
    "github.com/Sirupsen/logrus",
    "github.com/go-redis/redis",
    "github.com/gorilla/mux",
    "github.com/lib/pq",
  ]
  solver-name = "gps-cdcl"
  solver-version = 1
